
Microsoft Visual Studio Solution File, Format Version 12.00
# Visual Studio Version 16
VisualStudioVersion = 16.0.30524.135
MinimumVisualStudioVersion = 10.0.40219.1
Project("{9A19103F-16F7-4668-BE54-9A1E7A4F7556}") = "YoutubeDownloaderChecker", "YoutubeDownloaderChecker.csproj", "{679DCF13-0DF7-4985-B477-B8EF9E4254A0}"
EndProject
Project("{FAE04EC0-301F-11D3-BF4B-00C04F79EFBC}") = "SSActivityEraser", "..\FacebookActivityEraser\SSActivityEraser.csproj", "{2D62AB6E-0766-40B2-851F-8BD18A6D38AF}"
EndProject
Global
	GlobalSection(SolutionConfigurationPlatforms) = preSolution
		Debug|Any CPU = Debug|Any CPU
		Release|Any CPU = Release|Any CPU
	EndGlobalSection
	GlobalSection(ProjectConfigurationPlatforms) = postSolution
		{679DCF13-0DF7-4985-B477-B8EF9E4254A0}.Debug|Any CPU.ActiveCfg = Debug|Any CPU
		{679DCF13-0DF7-4985-B477-B8EF9E4254A0}.Debug|Any CPU.Build.0 = Debug|Any CPU
		{679DCF13-0DF7-4985-B477-B8EF9E4254A0}.Release|Any CPU.ActiveCfg = Release|Any CPU
		{679DCF13-0DF7-4985-B477-B8EF9E4254A0}.Release|Any CPU.Build.0 = Release|Any CPU
		{2D62AB6E-0766-40B2-851F-8BD18A6D38AF}.Debug|Any CPU.ActiveCfg = Debug|Any CPU
		{2D62AB6E-0766-40B2-851F-8BD18A6D38AF}.Debug|Any CPU.Build.0 = Debug|Any CPU
		{2D62AB6E-0766-40B2-851F-8BD18A6D38AF}.Release|Any CPU.ActiveCfg = Release|Any CPU
		{2D62AB6E-0766-40B2-851F-8BD18A6D38AF}.Release|Any CPU.Build.0 = Release|Any CPU
	EndGlobalSection
	GlobalSection(SolutionProperties) = preSolution
		HideSolutionNode = FALSE
	EndGlobalSection
	GlobalSection(ExtensibilityGlobals) = postSolution
		SolutionGuid = {44505B4A-1614-40D1-B4DB-74B01679F809}
	EndGlobalSection
EndGlobal
